
Microsoft Visual Studio Solution File, Format Version 12.00
# Visual Studio Version 17
VisualStudioVersion = 17.13.35828.75
MinimumVisualStudioVersion = 10.0.40219.1
Project("{FAE04EC0-301F-11D3-BF4B-00C04F79EFBC}") = "ConsoleApp1", "ConsoleApp1\ConsoleApp1.csproj", "{011B29DF-616D-41A7-9EA2-BD53E0AFC134}"
EndProject
Global
	GlobalSection(SolutionConfigurationPlatforms) = preSolution
		Debug|Any CPU = Debug|Any CPU
		Release|Any CPU = Release|Any CPU
	EndGlobalSection
	GlobalSection(ProjectConfigurationPlatforms) = postSolution
		{011B29DF-616D-41A7-9EA2-BD53E0AFC134}.Debug|Any CPU.ActiveCfg = Debug|Any CPU
		{011B29DF-616D-41A7-9EA2-BD53E0AFC134}.Debug|Any CPU.Build.0 = Debug|Any CPU
		{011B29DF-616D-41A7-9EA2-BD53E0AFC134}.Release|Any CPU.ActiveCfg = Release|Any CPU
		{011B29DF-616D-41A7-9EA2-BD53E0AFC134}.Release|Any CPU.Build.0 = Release|Any CPU
	EndGlobalSection
	GlobalSection(SolutionProperties) = preSolution
		HideSolutionNode = FALSE
	EndGlobalSection
	GlobalSection(ExtensibilityGlobals) = postSolution
		SolutionGuid = {AF4B803F-3AF6-44F7-8D91-0E65B1C20A69}
	EndGlobalSection
EndGlobal
